
Microsoft Visual Studio Solution File, Format Version 12.00
# Visual Studio Version 17
VisualStudioVersion = 17.6.33829.357
MinimumVisualStudioVersion = 10.0.40219.1
Project("{FAE04EC0-301F-11D3-BF4B-00C04F79EFBC}") = "HomeBankingMindHub", "HomeBankingMindHub\HomeBankingMindHub.csproj", "{F613020A-D8AB-4306-90C9-95E9EBF89315}"
EndProject
Global
	GlobalSection(SolutionConfigurationPlatforms) = preSolution
		Debug|Any CPU = Debug|Any CPU
		Release|Any CPU = Release|Any CPU
	EndGlobalSection
	GlobalSection(ProjectConfigurationPlatforms) = postSolution
		{F613020A-D8AB-4306-90C9-95E9EBF89315}.Debug|Any CPU.ActiveCfg = Debug|Any CPU
		{F613020A-D8AB-4306-90C9-95E9EBF89315}.Debug|Any CPU.Build.0 = Debug|Any CPU
		{F613020A-D8AB-4306-90C9-95E9EBF89315}.Release|Any CPU.ActiveCfg = Release|Any CPU
		{F613020A-D8AB-4306-90C9-95E9EBF89315}.Release|Any CPU.Build.0 = Release|Any CPU
	EndGlobalSection
	GlobalSection(SolutionProperties) = preSolution
		HideSolutionNode = FALSE
	EndGlobalSection
	GlobalSection(ExtensibilityGlobals) = postSolution
		SolutionGuid = {049EE314-8E33-4256-A574-AF6AF1261218}
	EndGlobalSection
EndGlobal
